// !$*UTF8*$!
{
	archiveVersion = 1;
	classes = {
	};
	objectVersion = 50;
	objects = {

/* Begin PBXBuildFile section */
		4C15AC7E21FF7FB800E6791D /* PersonalInformationDataSource.swift in Sources */ = {isa = PBXBuildFile; fileRef = 4C15AC7D21FF7FB800E6791D /* PersonalInformationDataSource.swift */; };
		4C15AC802200B19800E6791D /* PersonalInformationReminder.swift in Sources */ = {isa = PBXBuildFile; fileRef = 4C15AC7F2200B19800E6791D /* PersonalInformationReminder.swift */; };
		4C15AC892200D8A500E6791D /* ReminderPass.swift in Sources */ = {isa = PBXBuildFile; fileRef = 4C15AC882200D8A500E6791D /* ReminderPass.swift */; };
		4C15AC8B2200DA0600E6791D /* SeniorCitizenPass.swift in Sources */ = {isa = PBXBuildFile; fileRef = 4C15AC8A2200DA0600E6791D /* SeniorCitizenPass.swift */; };
		4C15AC8D2200DB9800E6791D /* VendorPass.swift in Sources */ = {isa = PBXBuildFile; fileRef = 4C15AC8C2200DB9800E6791D /* VendorPass.swift */; };
		4C15AC8F2202378600E6791D /* AccessDataSource.swift in Sources */ = {isa = PBXBuildFile; fileRef = 4C15AC8E2202378600E6791D /* AccessDataSource.swift */; };
		4C15AC942207642100E6791D /* DateValidator.swift in Sources */ = {isa = PBXBuildFile; fileRef = 4C15AC932207642100E6791D /* DateValidator.swift */; };
		4C15AC962209E43300E6791D /* RideKioskMalpracticeChecker.swift in Sources */ = {isa = PBXBuildFile; fileRef = 4C15AC952209E43300E6791D /* RideKioskMalpracticeChecker.swift */; };
		4C15AC9C2214703E00E6791D /* EntrantInformationTableView.swift in Sources */ = {isa = PBXBuildFile; fileRef = 4C15AC9B2214703E00E6791D /* EntrantInformationTableView.swift */; };
		4C15AC9F2214736700E6791D /* EntrantNameTableViewCell.swift in Sources */ = {isa = PBXBuildFile; fileRef = 4C15AC9D2214736700E6791D /* EntrantNameTableViewCell.swift */; };
		4C15ACA02214736700E6791D /* EntrantNameTableViewCell.xib in Resources */ = {isa = PBXBuildFile; fileRef = 4C15AC9E2214736700E6791D /* EntrantNameTableViewCell.xib */; };
		4C15ACA3221602CD00E6791D /* EntrantAddressTableViewCell.swift in Sources */ = {isa = PBXBuildFile; fileRef = 4C15ACA1221602CD00E6791D /* EntrantAddressTableViewCell.swift */; };
		4C15ACA4221602CD00E6791D /* EntrantAddressTableViewCell.xib in Resources */ = {isa = PBXBuildFile; fileRef = 4C15ACA2221602CD00E6791D /* EntrantAddressTableViewCell.xib */; };
		4C15ACA72220434C00E6791D /* EntrantCompanyInfoTableViewCell.swift in Sources */ = {isa = PBXBuildFile; fileRef = 4C15ACA52220434C00E6791D /* EntrantCompanyInfoTableViewCell.swift */; };
		4C15ACA82220434C00E6791D /* EntrantCompanyInfoTableViewCell.xib in Resources */ = {isa = PBXBuildFile; fileRef = 4C15ACA62220434C00E6791D /* EntrantCompanyInfoTableViewCell.xib */; };
		4C15ACAC222079A500E6791D /* PassGenerationView.swift in Sources */ = {isa = PBXBuildFile; fileRef = 4C15ACAB222079A500E6791D /* PassGenerationView.swift */; };
		4C15ACB12229B51200E6791D /* EntrantTypeSelectionView.xib in Resources */ = {isa = PBXBuildFile; fileRef = 4C15ACB02229B51200E6791D /* EntrantTypeSelectionView.xib */; };
		4C15ACB32229B91A00E6791D /* EntrantTypeSelectionView.swift in Sources */ = {isa = PBXBuildFile; fileRef = 4C15ACB22229B91A00E6791D /* EntrantTypeSelectionView.swift */; };
		4C5734F72234EF5400100E7B /* EntrantInformationTableViewCell.swift in Sources */ = {isa = PBXBuildFile; fileRef = 4C5734F62234EF5300100E7B /* EntrantInformationTableViewCell.swift */; };
		4C5734F92236DAAF00100E7B /* SelectionPickerView.swift in Sources */ = {isa = PBXBuildFile; fileRef = 4C5734F82236DAAF00100E7B /* SelectionPickerView.swift */; };
		4C5734FC2239517400100E7B /* MiscEntrantInformationTableViewCell.swift in Sources */ = {isa = PBXBuildFile; fileRef = 4C5734FA2239517400100E7B /* MiscEntrantInformationTableViewCell.swift */; };
		4C5734FD2239517400100E7B /* MiscEntrantInformationTableViewCell.xib in Resources */ = {isa = PBXBuildFile; fileRef = 4C5734FB2239517400100E7B /* MiscEntrantInformationTableViewCell.xib */; };
		4C5734FF22397ED600100E7B /* DatePickerView.swift in Sources */ = {isa = PBXBuildFile; fileRef = 4C5734FE22397ED600100E7B /* DatePickerView.swift */; };
		4C5735012239875D00100E7B /* ContractEmployeePass.swift in Sources */ = {isa = PBXBuildFile; fileRef = 4C5735002239875D00100E7B /* ContractEmployeePass.swift */; };
		4C9807CC21E0F4A300C67A86 /* AppDelegate.swift in Sources */ = {isa = PBXBuildFile; fileRef = 4C9807CB21E0F4A300C67A86 /* AppDelegate.swift */; };
		4C9807CE21E0F4A300C67A86 /* ViewController.swift in Sources */ = {isa = PBXBuildFile; fileRef = 4C9807CD21E0F4A300C67A86 /* ViewController.swift */; };
		4C9807D121E0F4A300C67A86 /* Main.storyboard in Resources */ = {isa = PBXBuildFile; fileRef = 4C9807CF21E0F4A300C67A86 /* Main.storyboard */; };
		4C9807D321E0F4A700C67A86 /* Assets.xcassets in Resources */ = {isa = PBXBuildFile; fileRef = 4C9807D221E0F4A700C67A86 /* Assets.xcassets */; };
		4C9807D621E0F4A700C67A86 /* LaunchScreen.storyboard in Resources */ = {isa = PBXBuildFile; fileRef = 4C9807D421E0F4A700C67A86 /* LaunchScreen.storyboard */; };
		4C9807E421E283DB00C67A86 /* Amusement_Park_Pass_GeneratorTests.swift in Sources */ = {isa = PBXBuildFile; fileRef = 4C9807E321E283DB00C67A86 /* Amusement_Park_Pass_GeneratorTests.swift */; };
		4C9807EC21E284B900C67A86 /* AreaAccessDataSource.swift in Sources */ = {isa = PBXBuildFile; fileRef = 4C9807EB21E284B900C67A86 /* AreaAccessDataSource.swift */; };
		4C9807EE21E284FC00C67A86 /* RideAccessDataSource.swift in Sources */ = {isa = PBXBuildFile; fileRef = 4C9807ED21E284FC00C67A86 /* RideAccessDataSource.swift */; };
		4C9807F021E2853300C67A86 /* DiscountAccessDataSource.swift in Sources */ = {isa = PBXBuildFile; fileRef = 4C9807EF21E2853300C67A86 /* DiscountAccessDataSource.swift */; };
		4C9807F221E3771200C67A86 /* AccessKioskManager.swift in Sources */ = {isa = PBXBuildFile; fileRef = 4C9807F121E3771200C67A86 /* AccessKioskManager.swift */; };
		4C9807F421E3778600C67A86 /* Entrant.swift in Sources */ = {isa = PBXBuildFile; fileRef = 4C9807F321E3778600C67A86 /* Entrant.swift */; };
		4C9807F621E3799D00C67A86 /* PersonName.swift in Sources */ = {isa = PBXBuildFile; fileRef = 4C9807F521E3799D00C67A86 /* PersonName.swift */; };
		4C9807F821E37A6500C67A86 /* Address.swift in Sources */ = {isa = PBXBuildFile; fileRef = 4C9807F721E37A6500C67A86 /* Address.swift */; };
		4C9807FA21E37F8400C67A86 /* Pass.swift in Sources */ = {isa = PBXBuildFile; fileRef = 4C9807F921E37F8400C67A86 /* Pass.swift */; };
		4C9807FC21E385CB00C67A86 /* VIPPass.swift in Sources */ = {isa = PBXBuildFile; fileRef = 4C9807FB21E385CB00C67A86 /* VIPPass.swift */; };
		4C9807FE21E38B1300C67A86 /* EmployeePass.swift in Sources */ = {isa = PBXBuildFile; fileRef = 4C9807FD21E38B1300C67A86 /* EmployeePass.swift */; };
		4C98080021E38BE500C67A86 /* FoodServiceEmployeePass.swift in Sources */ = {isa = PBXBuildFile; fileRef = 4C9807FF21E38BE500C67A86 /* FoodServiceEmployeePass.swift */; };
		4C98080221E38CAC00C67A86 /* RideServiceEmployeePass.swift in Sources */ = {isa = PBXBuildFile; fileRef = 4C98080121E38CAC00C67A86 /* RideServiceEmployeePass.swift */; };
		4C98080421E38CF200C67A86 /* MaintenanceEmployeePass.swift in Sources */ = {isa = PBXBuildFile; fileRef = 4C98080321E38CF200C67A86 /* MaintenanceEmployeePass.swift */; };
		4C98080621E39E9600C67A86 /* ManagerPass.swift in Sources */ = {isa = PBXBuildFile; fileRef = 4C98080521E39E9600C67A86 /* ManagerPass.swift */; };
		4C98080B21E68C4700C67A86 /* ParkEntranceManager.swift in Sources */ = {isa = PBXBuildFile; fileRef = 4C98080A21E68C4700C67A86 /* ParkEntranceManager.swift */; };
		4C9FE41D223BC1EF00FAFA38 /* MiscEntrantInfoDataSource.swift in Sources */ = {isa = PBXBuildFile; fileRef = 4C9FE41C223BC1EF00FAFA38 /* MiscEntrantInfoDataSource.swift */; };
		4C9FE420223BC26F00FAFA38 /* EntrantNameDataSource.swift in Sources */ = {isa = PBXBuildFile; fileRef = 4C9FE41F223BC26F00FAFA38 /* EntrantNameDataSource.swift */; };
		4C9FE422223BC2A100FAFA38 /* EntrantCompanyDataSource.swift in Sources */ = {isa = PBXBuildFile; fileRef = 4C9FE421223BC2A100FAFA38 /* EntrantCompanyDataSource.swift */; };
		4C9FE424223BC2E200FAFA38 /* EntrantAddressDataSource.swift in Sources */ = {isa = PBXBuildFile; fileRef = 4C9FE423223BC2E200FAFA38 /* EntrantAddressDataSource.swift */; };
/* End PBXBuildFile section */

/* Begin PBXContainerItemProxy section */
		4C9807E621E283DB00C67A86 /* PBXContainerItemProxy */ = {
			isa = PBXContainerItemProxy;
			containerPortal = 4C9807C021E0F4A300C67A86 /* Project object */;
			proxyType = 1;
			remoteGlobalIDString = 4C9807C721E0F4A300C67A86;
			remoteInfo = "Amusement Park Pass Generator";
		};
/* End PBXContainerItemProxy section */

/* Begin PBXFileReference section */
		4C15AC7D21FF7FB800E6791D /* PersonalInformationDataSource.swift */ = {isa = PBXFileReference; lastKnownFileType = sourcecode.swift; path = PersonalInformationDataSource.swift; sourceTree = "<group>"; };
		4C15AC7F2200B19800E6791D /* PersonalInformationReminder.swift */ = {isa = PBXFileReference; lastKnownFileType = sourcecode.swift; path = PersonalInformationReminder.swift; sourceTree = "<group>"; };
		4C15AC882200D8A500E6791D /* ReminderPass.swift */ = {isa = PBXFileReference; lastKnownFileType = sourcecode.swift; path = ReminderPass.swift; sourceTree = "<group>"; };
		4C15AC8A2200DA0600E6791D /* SeniorCitizenPass.swift */ = {isa = PBXFileReference; lastKnownFileType = sourcecode.swift; path = SeniorCitizenPass.swift; sourceTree = "<group>"; };
		4C15AC8C2200DB9800E6791D /* VendorPass.swift */ = {isa = PBXFileReference; lastKnownFileType = sourcecode.swift; path = VendorPass.swift; sourceTree = "<group>"; };
		4C15AC8E2202378600E6791D /* AccessDataSource.swift */ = {isa = PBXFileReference; lastKnownFileType = sourcecode.swift; path = AccessDataSource.swift; sourceTree = "<group>"; };
		4C15AC932207642100E6791D /* DateValidator.swift */ = {isa = PBXFileReference; lastKnownFileType = sourcecode.swift; path = DateValidator.swift; sourceTree = "<group>"; };
		4C15AC952209E43300E6791D /* RideKioskMalpracticeChecker.swift */ = {isa = PBXFileReference; lastKnownFileType = sourcecode.swift; path = RideKioskMalpracticeChecker.swift; sourceTree = "<group>"; };
		4C15AC9B2214703E00E6791D /* EntrantInformationTableView.swift */ = {isa = PBXFileReference; lastKnownFileType = sourcecode.swift; path = EntrantInformationTableView.swift; sourceTree = "<group>"; };
		4C15AC9D2214736700E6791D /* EntrantNameTableViewCell.swift */ = {isa = PBXFileReference; lastKnownFileType = sourcecode.swift; path = EntrantNameTableViewCell.swift; sourceTree = "<group>"; };
		4C15AC9E2214736700E6791D /* EntrantNameTableViewCell.xib */ = {isa = PBXFileReference; lastKnownFileType = file.xib; path = EntrantNameTableViewCell.xib; sourceTree = "<group>"; };
		4C15ACA1221602CD00E6791D /* EntrantAddressTableViewCell.swift */ = {isa = PBXFileReference; lastKnownFileType = sourcecode.swift; path = EntrantAddressTableViewCell.swift; sourceTree = "<group>"; };
		4C15ACA2221602CD00E6791D /* EntrantAddressTableViewCell.xib */ = {isa = PBXFileReference; lastKnownFileType = file.xib; path = EntrantAddressTableViewCell.xib; sourceTree = "<group>"; };
		4C15ACA52220434C00E6791D /* EntrantCompanyInfoTableViewCell.swift */ = {isa = PBXFileReference; lastKnownFileType = sourcecode.swift; path = EntrantCompanyInfoTableViewCell.swift; sourceTree = "<group>"; };
		4C15ACA62220434C00E6791D /* EntrantCompanyInfoTableViewCell.xib */ = {isa = PBXFileReference; lastKnownFileType = file.xib; path = EntrantCompanyInfoTableViewCell.xib; sourceTree = "<group>"; };
		4C15ACAB222079A500E6791D /* PassGenerationView.swift */ = {isa = PBXFileReference; lastKnownFileType = sourcecode.swift; path = PassGenerationView.swift; sourceTree = "<group>"; };
		4C15ACB02229B51200E6791D /* EntrantTypeSelectionView.xib */ = {isa = PBXFileReference; lastKnownFileType = file.xib; path = EntrantTypeSelectionView.xib; sourceTree = "<group>"; };
		4C15ACB22229B91A00E6791D /* EntrantTypeSelectionView.swift */ = {isa = PBXFileReference; lastKnownFileType = sourcecode.swift; path = EntrantTypeSelectionView.swift; sourceTree = "<group>"; };
		4C5734F62234EF5300100E7B /* EntrantInformationTableViewCell.swift */ = {isa = PBXFileReference; lastKnownFileType = sourcecode.swift; path = EntrantInformationTableViewCell.swift; sourceTree = "<group>"; };
		4C5734F82236DAAF00100E7B /* SelectionPickerView.swift */ = {isa = PBXFileReference; lastKnownFileType = sourcecode.swift; path = SelectionPickerView.swift; sourceTree = "<group>"; };
		4C5734FA2239517400100E7B /* MiscEntrantInformationTableViewCell.swift */ = {isa = PBXFileReference; lastKnownFileType = sourcecode.swift; path = MiscEntrantInformationTableViewCell.swift; sourceTree = "<group>"; };
		4C5734FB2239517400100E7B /* MiscEntrantInformationTableViewCell.xib */ = {isa = PBXFileReference; lastKnownFileType = file.xib; path = MiscEntrantInformationTableViewCell.xib; sourceTree = "<group>"; };
		4C5734FE22397ED600100E7B /* DatePickerView.swift */ = {isa = PBXFileReference; lastKnownFileType = sourcecode.swift; path = DatePickerView.swift; sourceTree = "<group>"; };
		4C5735002239875D00100E7B /* ContractEmployeePass.swift */ = {isa = PBXFileReference; lastKnownFileType = sourcecode.swift; path = ContractEmployeePass.swift; sourceTree = "<group>"; };
		4C9807C821E0F4A300C67A86 /* Amusement Park Pass Generator.app */ = {isa = PBXFileReference; explicitFileType = wrapper.application; includeInIndex = 0; path = "Amusement Park Pass Generator.app"; sourceTree = BUILT_PRODUCTS_DIR; };
		4C9807CB21E0F4A300C67A86 /* AppDelegate.swift */ = {isa = PBXFileReference; lastKnownFileType = sourcecode.swift; path = AppDelegate.swift; sourceTree = "<group>"; };
		4C9807CD21E0F4A300C67A86 /* ViewController.swift */ = {isa = PBXFileReference; lastKnownFileType = sourcecode.swift; path = ViewController.swift; sourceTree = "<group>"; };
		4C9807D021E0F4A300C67A86 /* Base */ = {isa = PBXFileReference; lastKnownFileType = file.storyboard; name = Base; path = Base.lproj/Main.storyboard; sourceTree = "<group>"; };
		4C9807D221E0F4A700C67A86 /* Assets.xcassets */ = {isa = PBXFileReference; lastKnownFileType = folder.assetcatalog; path = Assets.xcassets; sourceTree = "<group>"; };
		4C9807D521E0F4A700C67A86 /* Base */ = {isa = PBXFileReference; lastKnownFileType = file.storyboard; name = Base; path = Base.lproj/LaunchScreen.storyboard; sourceTree = "<group>"; };
		4C9807D721E0F4A700C67A86 /* Info.plist */ = {isa = PBXFileReference; lastKnownFileType = text.plist.xml; path = Info.plist; sourceTree = "<group>"; };
		4C9807E121E283DA00C67A86 /* Amusement Park Pass GeneratorTests.xctest */ = {isa = PBXFileReference; explicitFileType = wrapper.cfbundle; includeInIndex = 0; path = "Amusement Park Pass GeneratorTests.xctest"; sourceTree = BUILT_PRODUCTS_DIR; };
		4C9807E321E283DB00C67A86 /* Amusement_Park_Pass_GeneratorTests.swift */ = {isa = PBXFileReference; lastKnownFileType = sourcecode.swift; path = Amusement_Park_Pass_GeneratorTests.swift; sourceTree = "<group>"; };
		4C9807E521E283DB00C67A86 /* Info.plist */ = {isa = PBXFileReference; lastKnownFileType = text.plist.xml; path = Info.plist; sourceTree = "<group>"; };
		4C9807EB21E284B900C67A86 /* AreaAccessDataSource.swift */ = {isa = PBXFileReference; lastKnownFileType = sourcecode.swift; path = AreaAccessDataSource.swift; sourceTree = "<group>"; };
		4C9807ED21E284FC00C67A86 /* RideAccessDataSource.swift */ = {isa = PBXFileReference; lastKnownFileType = sourcecode.swift; path = RideAccessDataSource.swift; sourceTree = "<group>"; };
		4C9807EF21E2853300C67A86 /* DiscountAccessDataSource.swift */ = {isa = PBXFileReference; lastKnownFileType = sourcecode.swift; path = DiscountAccessDataSource.swift; sourceTree = "<group>"; };
		4C9807F121E3771200C67A86 /* AccessKioskManager.swift */ = {isa = PBXFileReference; lastKnownFileType = sourcecode.swift; path = AccessKioskManager.swift; sourceTree = "<group>"; };
		4C9807F321E3778600C67A86 /* Entrant.swift */ = {isa = PBXFileReference; lastKnownFileType = sourcecode.swift; path = Entrant.swift; sourceTree = "<group>"; };
		4C9807F521E3799D00C67A86 /* PersonName.swift */ = {isa = PBXFileReference; lastKnownFileType = sourcecode.swift; path = PersonName.swift; sourceTree = "<group>"; };
		4C9807F721E37A6500C67A86 /* Address.swift */ = {isa = PBXFileReference; lastKnownFileType = sourcecode.swift; path = Address.swift; sourceTree = "<group>"; };
		4C9807F921E37F8400C67A86 /* Pass.swift */ = {isa = PBXFileReference; lastKnownFileType = sourcecode.swift; path = Pass.swift; sourceTree = "<group>"; };
		4C9807FB21E385CB00C67A86 /* VIPPass.swift */ = {isa = PBXFileReference; lastKnownFileType = sourcecode.swift; path = VIPPass.swift; sourceTree = "<group>"; };
		4C9807FD21E38B1300C67A86 /* EmployeePass.swift */ = {isa = PBXFileReference; lastKnownFileType = sourcecode.swift; path = EmployeePass.swift; sourceTree = "<group>"; };
		4C9807FF21E38BE500C67A86 /* FoodServiceEmployeePass.swift */ = {isa = PBXFileReference; lastKnownFileType = sourcecode.swift; path = FoodServiceEmployeePass.swift; sourceTree = "<group>"; };
		4C98080121E38CAC00C67A86 /* RideServiceEmployeePass.swift */ = {isa = PBXFileReference; lastKnownFileType = sourcecode.swift; path = RideServiceEmployeePass.swift; sourceTree = "<group>"; };
		4C98080321E38CF200C67A86 /* MaintenanceEmployeePass.swift */ = {isa = PBXFileReference; lastKnownFileType = sourcecode.swift; path = MaintenanceEmployeePass.swift; sourceTree = "<group>"; };
		4C98080521E39E9600C67A86 /* ManagerPass.swift */ = {isa = PBXFileReference; lastKnownFileType = sourcecode.swift; path = ManagerPass.swift; sourceTree = "<group>"; };
		4C98080A21E68C4700C67A86 /* ParkEntranceManager.swift */ = {isa = PBXFileReference; lastKnownFileType = sourcecode.swift; path = ParkEntranceManager.swift; sourceTree = "<group>"; };
		4C9FE41C223BC1EF00FAFA38 /* MiscEntrantInfoDataSource.swift */ = {isa = PBXFileReference; lastKnownFileType = sourcecode.swift; path = MiscEntrantInfoDataSource.swift; sourceTree = "<group>"; };
		4C9FE41F223BC26F00FAFA38 /* EntrantNameDataSource.swift */ = {isa = PBXFileReference; lastKnownFileType = sourcecode.swift; path = EntrantNameDataSource.swift; sourceTree = "<group>"; };
		4C9FE421223BC2A100FAFA38 /* EntrantCompanyDataSource.swift */ = {isa = PBXFileReference; lastKnownFileType = sourcecode.swift; path = EntrantCompanyDataSource.swift; sourceTree = "<group>"; };
		4C9FE423223BC2E200FAFA38 /* EntrantAddressDataSource.swift */ = {isa = PBXFileReference; lastKnownFileType = sourcecode.swift; path = EntrantAddressDataSource.swift; sourceTree = "<group>"; };
/* End PBXFileReference section */

/* Begin PBXFrameworksBuildPhase section */
		4C9807C521E0F4A300C67A86 /* Frameworks */ = {
			isa = PBXFrameworksBuildPhase;
			buildActionMask = 2147483647;
			files = (
			);
			runOnlyForDeploymentPostprocessing = 0;
		};
		4C9807DE21E283DA00C67A86 /* Frameworks */ = {
			isa = PBXFrameworksBuildPhase;
			buildActionMask = 2147483647;
			files = (
			);
			runOnlyForDeploymentPostprocessing = 0;
		};
/* End PBXFrameworksBuildPhase section */

/* Begin PBXGroup section */
		4C15AC7C21FF7F4E00E6791D /* PersonalInformation */ = {
			isa = PBXGroup;
			children = (
				4C15AC7D21FF7FB800E6791D /* PersonalInformationDataSource.swift */,
				4C15AC7F2200B19800E6791D /* PersonalInformationReminder.swift */,
			);
			path = PersonalInformation;
			sourceTree = "<group>";
		};
		4C15AC832200CAE800E6791D /* Employee */ = {
			isa = PBXGroup;
			children = (
				4C9807FD21E38B1300C67A86 /* EmployeePass.swift */,
				4C9807FF21E38BE500C67A86 /* FoodServiceEmployeePass.swift */,
				4C98080121E38CAC00C67A86 /* RideServiceEmployeePass.swift */,
				4C98080321E38CF200C67A86 /* MaintenanceEmployeePass.swift */,
				4C5735002239875D00100E7B /* ContractEmployeePass.swift */,
			);
			name = Employee;
			sourceTree = "<group>";
		};
		4C15AC842200CAF100E6791D /* Manager */ = {
			isa = PBXGroup;
			children = (
				4C98080521E39E9600C67A86 /* ManagerPass.swift */,
			);
			name = Manager;
			sourceTree = "<group>";
		};
		4C15AC852200D13000E6791D /* Guest */ = {
			isa = PBXGroup;
			children = (
				4C9807FB21E385CB00C67A86 /* VIPPass.swift */,
			);
			name = Guest;
			sourceTree = "<group>";
		};
		4C15AC862200D37600E6791D /* Common */ = {
			isa = PBXGroup;
			children = (
				4C9807F921E37F8400C67A86 /* Pass.swift */,
			);
			name = Common;
			sourceTree = "<group>";
		};
		4C15AC872200D88100E6791D /* PassWithReminders */ = {
			isa = PBXGroup;
			children = (
				4C15AC882200D8A500E6791D /* ReminderPass.swift */,
				4C15AC8A2200DA0600E6791D /* SeniorCitizenPass.swift */,
				4C15AC8C2200DB9800E6791D /* VendorPass.swift */,
			);
			name = PassWithReminders;
			sourceTree = "<group>";
		};
		4C15AC902202385C00E6791D /* Controllers */ = {
			isa = PBXGroup;
			children = (
				4C9807F121E3771200C67A86 /* AccessKioskManager.swift */,
				4C98080A21E68C4700C67A86 /* ParkEntranceManager.swift */,
				4C9807CD21E0F4A300C67A86 /* ViewController.swift */,
				4C15AC952209E43300E6791D /* RideKioskMalpracticeChecker.swift */,
			);
			path = Controllers;
			sourceTree = "<group>";
		};
		4C15AC91220238AB00E6791D /* Protocols */ = {
			isa = PBXGroup;
			children = (
				4C15AC7C21FF7F4E00E6791D /* PersonalInformation */,
				4C98080721E3A02500C67A86 /* AccessibilityRules */,
			);
			path = Protocols;
			sourceTree = "<group>";
		};
		4C15AC92220763EB00E6791D /* Validators */ = {
			isa = PBXGroup;
			children = (
				4C15AC932207642100E6791D /* DateValidator.swift */,
			);
			path = Validators;
			sourceTree = "<group>";
		};
		4C15AC9A22146D8200E6791D /* View */ = {
			isa = PBXGroup;
			children = (
				4C15ACAF2229B48800E6791D /* EntrantTypeSelectionViews */,
				4C15ACAA2220733600E6791D /* PassGenerationViews */,
				4C15ACA922206DD300E6791D /* EntrantInformationViews */,
			);
			path = View;
			sourceTree = "<group>";
		};
		4C15ACA922206DD300E6791D /* EntrantInformationViews */ = {
			isa = PBXGroup;
			children = (
				4C9FE41E223BC22D00FAFA38 /* DataSourceForCells */,
				4C15AC9B2214703E00E6791D /* EntrantInformationTableView.swift */,
				4C15AC9D2214736700E6791D /* EntrantNameTableViewCell.swift */,
				4C15AC9E2214736700E6791D /* EntrantNameTableViewCell.xib */,
				4C15ACA1221602CD00E6791D /* EntrantAddressTableViewCell.swift */,
				4C15ACA2221602CD00E6791D /* EntrantAddressTableViewCell.xib */,
				4C15ACA52220434C00E6791D /* EntrantCompanyInfoTableViewCell.swift */,
				4C15ACA62220434C00E6791D /* EntrantCompanyInfoTableViewCell.xib */,
				4C5734F62234EF5300100E7B /* EntrantInformationTableViewCell.swift */,
				4C5734F82236DAAF00100E7B /* SelectionPickerView.swift */,
				4C5734FA2239517400100E7B /* MiscEntrantInformationTableViewCell.swift */,
				4C5734FB2239517400100E7B /* MiscEntrantInformationTableViewCell.xib */,
				4C5734FE22397ED600100E7B /* DatePickerView.swift */,
			);
			name = EntrantInformationViews;
			sourceTree = "<group>";
		};
		4C15ACAA2220733600E6791D /* PassGenerationViews */ = {
			isa = PBXGroup;
			children = (
				4C15ACAB222079A500E6791D /* PassGenerationView.swift */,
			);
			name = PassGenerationViews;
			sourceTree = "<group>";
		};
		4C15ACAF2229B48800E6791D /* EntrantTypeSelectionViews */ = {
			isa = PBXGroup;
			children = (
				4C15ACB02229B51200E6791D /* EntrantTypeSelectionView.xib */,
				4C15ACB22229B91A00E6791D /* EntrantTypeSelectionView.swift */,
			);
			name = EntrantTypeSelectionViews;
			sourceTree = "<group>";
		};
		4C9807BF21E0F4A300C67A86 = {
			isa = PBXGroup;
			children = (
				4C9807CA21E0F4A300C67A86 /* Amusement Park Pass Generator */,
				4C9807E221E283DB00C67A86 /* Amusement Park Pass GeneratorTests */,
				4C9807C921E0F4A300C67A86 /* Products */,
			);
			sourceTree = "<group>";
		};
		4C9807C921E0F4A300C67A86 /* Products */ = {
			isa = PBXGroup;
			children = (
				4C9807C821E0F4A300C67A86 /* Amusement Park Pass Generator.app */,
				4C9807E121E283DA00C67A86 /* Amusement Park Pass GeneratorTests.xctest */,
			);
			name = Products;
			sourceTree = "<group>";
		};
		4C9807CA21E0F4A300C67A86 /* Amusement Park Pass Generator */ = {
			isa = PBXGroup;
			children = (
				4C15AC9A22146D8200E6791D /* View */,
				4C15AC92220763EB00E6791D /* Validators */,
				4C15AC91220238AB00E6791D /* Protocols */,
				4C15AC902202385C00E6791D /* Controllers */,
				4C98080921E3A14100C67A86 /* Pass */,
				4C98080821E3A07C00C67A86 /* Entrant */,
				4C9807CB21E0F4A300C67A86 /* AppDelegate.swift */,
				4C9807CF21E0F4A300C67A86 /* Main.storyboard */,
				4C9807D221E0F4A700C67A86 /* Assets.xcassets */,
				4C9807D421E0F4A700C67A86 /* LaunchScreen.storyboard */,
				4C9807D721E0F4A700C67A86 /* Info.plist */,
			);
			path = "Amusement Park Pass Generator";
			sourceTree = "<group>";
		};
		4C9807E221E283DB00C67A86 /* Amusement Park Pass GeneratorTests */ = {
			isa = PBXGroup;
			children = (
				4C9807E321E283DB00C67A86 /* Amusement_Park_Pass_GeneratorTests.swift */,
				4C9807E521E283DB00C67A86 /* Info.plist */,
			);
			path = "Amusement Park Pass GeneratorTests";
			sourceTree = "<group>";
		};
		4C98080721E3A02500C67A86 /* AccessibilityRules */ = {
			isa = PBXGroup;
			children = (
				4C9807EB21E284B900C67A86 /* AreaAccessDataSource.swift */,
				4C9807ED21E284FC00C67A86 /* RideAccessDataSource.swift */,
				4C9807EF21E2853300C67A86 /* DiscountAccessDataSource.swift */,
				4C15AC8E2202378600E6791D /* AccessDataSource.swift */,
			);
			path = AccessibilityRules;
			sourceTree = "<group>";
		};
		4C98080821E3A07C00C67A86 /* Entrant */ = {
			isa = PBXGroup;
			children = (
				4C9807F321E3778600C67A86 /* Entrant.swift */,
				4C9807F521E3799D00C67A86 /* PersonName.swift */,
				4C9807F721E37A6500C67A86 /* Address.swift */,
			);
			path = Entrant;
			sourceTree = "<group>";
		};
		4C98080921E3A14100C67A86 /* Pass */ = {
			isa = PBXGroup;
			children = (
				4C15AC872200D88100E6791D /* PassWithReminders */,
				4C15AC862200D37600E6791D /* Common */,
				4C15AC852200D13000E6791D /* Guest */,
				4C15AC842200CAF100E6791D /* Manager */,
				4C15AC832200CAE800E6791D /* Employee */,
			);
			path = Pass;
			sourceTree = "<group>";
		};
		4C9FE41E223BC22D00FAFA38 /* DataSourceForCells */ = {
			isa = PBXGroup;
			children = (
				4C9FE41C223BC1EF00FAFA38 /* MiscEntrantInfoDataSource.swift */,
				4C9FE41F223BC26F00FAFA38 /* EntrantNameDataSource.swift */,
				4C9FE421223BC2A100FAFA38 /* EntrantCompanyDataSource.swift */,
				4C9FE423223BC2E200FAFA38 /* EntrantAddressDataSource.swift */,
			);
			name = DataSourceForCells;
			sourceTree = "<group>";
		};
/* End PBXGroup section */

/* Begin PBXNativeTarget section */
		4C9807C721E0F4A300C67A86 /* Amusement Park Pass Generator */ = {
			isa = PBXNativeTarget;
			buildConfigurationList = 4C9807DA21E0F4A700C67A86 /* Build configuration list for PBXNativeTarget "Amusement Park Pass Generator" */;
			buildPhases = (
				4C9807C421E0F4A300C67A86 /* Sources */,
				4C9807C521E0F4A300C67A86 /* Frameworks */,
				4C9807C621E0F4A300C67A86 /* Resources */,
			);
			buildRules = (
			);
			dependencies = (
			);
			name = "Amusement Park Pass Generator";
			productName = "Amusement Park Pass Generator";
			productReference = 4C9807C821E0F4A300C67A86 /* Amusement Park Pass Generator.app */;
			productType = "com.apple.product-type.application";
		};
		4C9807E021E283DA00C67A86 /* Amusement Park Pass GeneratorTests */ = {
			isa = PBXNativeTarget;
			buildConfigurationList = 4C9807EA21E283DB00C67A86 /* Build configuration list for PBXNativeTarget "Amusement Park Pass GeneratorTests" */;
			buildPhases = (
				4C9807DD21E283DA00C67A86 /* Sources */,
				4C9807DE21E283DA00C67A86 /* Frameworks */,
				4C9807DF21E283DA00C67A86 /* Resources */,
			);
			buildRules = (
			);
			dependencies = (
				4C9807E721E283DB00C67A86 /* PBXTargetDependency */,
			);
			name = "Amusement Park Pass GeneratorTests";
			productName = "Amusement Park Pass GeneratorTests";
			productReference = 4C9807E121E283DA00C67A86 /* Amusement Park Pass GeneratorTests.xctest */;
			productType = "com.apple.product-type.bundle.unit-test";
		};
/* End PBXNativeTarget section */

/* Begin PBXProject section */
		4C9807C021E0F4A300C67A86 /* Project object */ = {
			isa = PBXProject;
			attributes = {
				LastSwiftUpdateCheck = 1010;
				LastUpgradeCheck = 1010;
				ORGANIZATIONNAME = "Bharath Chandrashekar";
				TargetAttributes = {
					4C9807C721E0F4A300C67A86 = {
						CreatedOnToolsVersion = 10.1;
					};
					4C9807E021E283DA00C67A86 = {
						CreatedOnToolsVersion = 10.1;
						TestTargetID = 4C9807C721E0F4A300C67A86;
					};
				};
			};
			buildConfigurationList = 4C9807C321E0F4A300C67A86 /* Build configuration list for PBXProject "Amusement Park Pass Generator" */;
			compatibilityVersion = "Xcode 9.3";
			developmentRegion = en;
			hasScannedForEncodings = 0;
			knownRegions = (
				en,
				Base,
			);
			mainGroup = 4C9807BF21E0F4A300C67A86;
			productRefGroup = 4C9807C921E0F4A300C67A86 /* Products */;
			projectDirPath = "";
			projectRoot = "";
			targets = (
				4C9807C721E0F4A300C67A86 /* Amusement Park Pass Generator */,
				4C9807E021E283DA00C67A86 /* Amusement Park Pass GeneratorTests */,
			);
		};
/* End PBXProject section */

/* Begin PBXResourcesBuildPhase section */
		4C9807C621E0F4A300C67A86 /* Resources */ = {
			isa = PBXResourcesBuildPhase;
			buildActionMask = 2147483647;
			files = (
				4C15ACA82220434C00E6791D /* EntrantCompanyInfoTableViewCell.xib in Resources */,
				4C5734FD2239517400100E7B /* MiscEntrantInformationTableViewCell.xib in Resources */,
				4C9807D621E0F4A700C67A86 /* LaunchScreen.storyboard in Resources */,
				4C9807D321E0F4A700C67A86 /* Assets.xcassets in Resources */,
				4C15ACA02214736700E6791D /* EntrantNameTableViewCell.xib in Resources */,
				4C15ACA4221602CD00E6791D /* EntrantAddressTableViewCell.xib in Resources */,
				4C15ACB12229B51200E6791D /* EntrantTypeSelectionView.xib in Resources */,
				4C9807D121E0F4A300C67A86 /* Main.storyboard in Resources */,
			);
			runOnlyForDeploymentPostprocessing = 0;
		};
		4C9807DF21E283DA00C67A86 /* Resources */ = {
			isa = PBXResourcesBuildPhase;
			buildActionMask = 2147483647;
			files = (
			);
			runOnlyForDeploymentPostprocessing = 0;
		};
/* End PBXResourcesBuildPhase section */

/* Begin PBXSourcesBuildPhase section */
		4C9807C421E0F4A300C67A86 /* Sources */ = {
			isa = PBXSourcesBuildPhase;
			buildActionMask = 2147483647;
			files = (
				4C15AC7E21FF7FB800E6791D /* PersonalInformationDataSource.swift in Sources */,
				4C15AC9F2214736700E6791D /* EntrantNameTableViewCell.swift in Sources */,
				4C9FE422223BC2A100FAFA38 /* EntrantCompanyDataSource.swift in Sources */,
				4C98080221E38CAC00C67A86 /* RideServiceEmployeePass.swift in Sources */,
				4C9807FE21E38B1300C67A86 /* EmployeePass.swift in Sources */,
				4C15AC802200B19800E6791D /* PersonalInformationReminder.swift in Sources */,
				4C5734F72234EF5400100E7B /* EntrantInformationTableViewCell.swift in Sources */,
				4C9807EC21E284B900C67A86 /* AreaAccessDataSource.swift in Sources */,
				4C15AC942207642100E6791D /* DateValidator.swift in Sources */,
				4C9FE420223BC26F00FAFA38 /* EntrantNameDataSource.swift in Sources */,
				4C15ACA3221602CD00E6791D /* EntrantAddressTableViewCell.swift in Sources */,
				4C98080021E38BE500C67A86 /* FoodServiceEmployeePass.swift in Sources */,
				4C15ACAC222079A500E6791D /* PassGenerationView.swift in Sources */,
				4C5734FF22397ED600100E7B /* DatePickerView.swift in Sources */,
				4C9FE424223BC2E200FAFA38 /* EntrantAddressDataSource.swift in Sources */,
				4C9807FC21E385CB00C67A86 /* VIPPass.swift in Sources */,
				4C15AC8F2202378600E6791D /* AccessDataSource.swift in Sources */,
				4C5734FC2239517400100E7B /* MiscEntrantInformationTableViewCell.swift in Sources */,
				4C9807CE21E0F4A300C67A86 /* ViewController.swift in Sources */,
				4C5734F92236DAAF00100E7B /* SelectionPickerView.swift in Sources */,
				4C15AC8B2200DA0600E6791D /* SeniorCitizenPass.swift in Sources */,
				4C9807EE21E284FC00C67A86 /* RideAccessDataSource.swift in Sources */,
				4C98080421E38CF200C67A86 /* MaintenanceEmployeePass.swift in Sources */,
				4C9807F621E3799D00C67A86 /* PersonName.swift in Sources */,
				4C9807F221E3771200C67A86 /* AccessKioskManager.swift in Sources */,
				4C98080B21E68C4700C67A86 /* ParkEntranceManager.swift in Sources */,
				4C15ACB32229B91A00E6791D /* EntrantTypeSelectionView.swift in Sources */,
				4C9807F421E3778600C67A86 /* Entrant.swift in Sources */,
				4C9807F021E2853300C67A86 /* DiscountAccessDataSource.swift in Sources */,
				4C9807F821E37A6500C67A86 /* Address.swift in Sources */,
				4C15AC9C2214703E00E6791D /* EntrantInformationTableView.swift in Sources */,
				4C9807FA21E37F8400C67A86 /* Pass.swift in Sources */,
				4C98080621E39E9600C67A86 /* ManagerPass.swift in Sources */,
				4C15AC8D2200DB9800E6791D /* VendorPass.swift in Sources */,
				4C15ACA72220434C00E6791D /* EntrantCompanyInfoTableViewCell.swift in Sources */,
				4C15AC962209E43300E6791D /* RideKioskMalpracticeChecker.swift in Sources */,
				4C9807CC21E0F4A300C67A86 /* AppDelegate.swift in Sources */,
				4C5735012239875D00100E7B /* ContractEmployeePass.swift in Sources */,
				4C15AC892200D8A500E6791D /* ReminderPass.swift in Sources */,
				4C9FE41D223BC1EF00FAFA38 /* MiscEntrantInfoDataSource.swift in Sources */,
			);
			runOnlyForDeploymentPostprocessing = 0;
		};
		4C9807DD21E283DA00C67A86 /* Sources */ = {
			isa = PBXSourcesBuildPhase;
			buildActionMask = 2147483647;
			files = (
				4C9807E421E283DB00C67A86 /* Amusement_Park_Pass_GeneratorTests.swift in Sources */,
			);
			runOnlyForDeploymentPostprocessing = 0;
		};
/* End PBXSourcesBuildPhase section */

/* Begin PBXTargetDependency section */
		4C9807E721E283DB00C67A86 /* PBXTargetDependency */ = {
			isa = PBXTargetDependency;
			target = 4C9807C721E0F4A300C67A86 /* Amusement Park Pass Generator */;
			targetProxy = 4C9807E621E283DB00C67A86 /* PBXContainerItemProxy */;
		};
/* End PBXTargetDependency section */

/* Begin PBXVariantGroup section */
		4C9807CF21E0F4A300C67A86 /* Main.storyboard */ = {
			isa = PBXVariantGroup;
			children = (
				4C9807D021E0F4A300C67A86 /* Base */,
			);
			name = Main.storyboard;
			sourceTree = "<group>";
		};
		4C9807D421E0F4A700C67A86 /* LaunchScreen.storyboard */ = {
			isa = PBXVariantGroup;
			children = (
				4C9807D521E0F4A700C67A86 /* Base */,
			);
			name = LaunchScreen.storyboard;
			sourceTree = "<group>";
		};
/* End PBXVariantGroup section */

/* Begin XCBuildConfiguration section */
		4C9807D821E0F4A700C67A86 /* Debug */ = {
			isa = XCBuildConfiguration;
			buildSettings = {
				ALWAYS_SEARCH_USER_PATHS = NO;
				CLANG_ANALYZER_NONNULL = YES;
				CLANG_ANALYZER_NUMBER_OBJECT_CONVERSION = YES_AGGRESSIVE;
				CLANG_CXX_LANGUAGE_STANDARD = "gnu++14";
				CLANG_CXX_LIBRARY = "libc++";
				CLANG_ENABLE_MODULES = YES;
				CLANG_ENABLE_OBJC_ARC = YES;
				CLANG_ENABLE_OBJC_WEAK = YES;
				CLANG_WARN_BLOCK_CAPTURE_AUTORELEASING = YES;
				CLANG_WARN_BOOL_CONVERSION = YES;
				CLANG_WARN_COMMA = YES;
				CLANG_WARN_CONSTANT_CONVERSION = YES;
				CLANG_WARN_DEPRECATED_OBJC_IMPLEMENTATIONS = YES;
				CLANG_WARN_DIRECT_OBJC_ISA_USAGE = YES_ERROR;
				CLANG_WARN_DOCUMENTATION_COMMENTS = YES;
				CLANG_WARN_EMPTY_BODY = YES;
				CLANG_WARN_ENUM_CONVERSION = YES;
				CLANG_WARN_INFINITE_RECURSION = YES;
				CLANG_WARN_INT_CONVERSION = YES;
				CLANG_WARN_NON_LITERAL_NULL_CONVERSION = YES;
				CLANG_WARN_OBJC_IMPLICIT_RETAIN_SELF = YES;
				CLANG_WARN_OBJC_LITERAL_CONVERSION = YES;
				CLANG_WARN_OBJC_ROOT_CLASS = YES_ERROR;
				CLANG_WARN_RANGE_LOOP_ANALYSIS = YES;
				CLANG_WARN_STRICT_PROTOTYPES = YES;
				CLANG_WARN_SUSPICIOUS_MOVE = YES;
				CLANG_WARN_UNGUARDED_AVAILABILITY = YES_AGGRESSIVE;
				CLANG_WARN_UNREACHABLE_CODE = YES;
				CLANG_WARN__DUPLICATE_METHOD_MATCH = YES;
				CODE_SIGN_IDENTITY = "iPhone Developer";
				COPY_PHASE_STRIP = NO;
				DEBUG_INFORMATION_FORMAT = dwarf;
				ENABLE_STRICT_OBJC_MSGSEND = YES;
				ENABLE_TESTABILITY = YES;
				GCC_C_LANGUAGE_STANDARD = gnu11;
				GCC_DYNAMIC_NO_PIC = NO;
				GCC_NO_COMMON_BLOCKS = YES;
				GCC_OPTIMIZATION_LEVEL = 0;
				GCC_PREPROCESSOR_DEFINITIONS = (
					"DEBUG=1",
					"$(inherited)",
				);
				GCC_WARN_64_TO_32_BIT_CONVERSION = YES;
				GCC_WARN_ABOUT_RETURN_TYPE = YES_ERROR;
				GCC_WARN_UNDECLARED_SELECTOR = YES;
				GCC_WARN_UNINITIALIZED_AUTOS = YES_AGGRESSIVE;
				GCC_WARN_UNUSED_FUNCTION = YES;
				GCC_WARN_UNUSED_VARIABLE = YES;
				IPHONEOS_DEPLOYMENT_TARGET = 12.1;
				MTL_ENABLE_DEBUG_INFO = INCLUDE_SOURCE;
				MTL_FAST_MATH = YES;
				ONLY_ACTIVE_ARCH = YES;
				SDKROOT = iphoneos;
				SWIFT_ACTIVE_COMPILATION_CONDITIONS = DEBUG;
				SWIFT_OPTIMIZATION_LEVEL = "-Onone";
			};
			name = Debug;
		};
		4C9807D921E0F4A700C67A86 /* Release */ = {
			isa = XCBuildConfiguration;
			buildSettings = {
				ALWAYS_SEARCH_USER_PATHS = NO;
				CLANG_ANALYZER_NONNULL = YES;
				CLANG_ANALYZER_NUMBER_OBJECT_CONVERSION = YES_AGGRESSIVE;
				CLANG_CXX_LANGUAGE_STANDARD = "gnu++14";
				CLANG_CXX_LIBRARY = "libc++";
				CLANG_ENABLE_MODULES = YES;
				CLANG_ENABLE_OBJC_ARC = YES;
				CLANG_ENABLE_OBJC_WEAK = YES;
				CLANG_WARN_BLOCK_CAPTURE_AUTORELEASING = YES;
				CLANG_WARN_BOOL_CONVERSION = YES;
				CLANG_WARN_COMMA = YES;
				CLANG_WARN_CONSTANT_CONVERSION = YES;
				CLANG_WARN_DEPRECATED_OBJC_IMPLEMENTATIONS = YES;
				CLANG_WARN_DIRECT_OBJC_ISA_USAGE = YES_ERROR;
				CLANG_WARN_DOCUMENTATION_COMMENTS = YES;
				CLANG_WARN_EMPTY_BODY = YES;
				CLANG_WARN_ENUM_CONVERSION = YES;
				CLANG_WARN_INFINITE_RECURSION = YES;
				CLANG_WARN_INT_CONVERSION = YES;
				CLANG_WARN_NON_LITERAL_NULL_CONVERSION = YES;
				CLANG_WARN_OBJC_IMPLICIT_RETAIN_SELF = YES;
				CLANG_WARN_OBJC_LITERAL_CONVERSION = YES;
				CLANG_WARN_OBJC_ROOT_CLASS = YES_ERROR;
				CLANG_WARN_RANGE_LOOP_ANALYSIS = YES;
				CLANG_WARN_STRICT_PROTOTYPES = YES;
				CLANG_WARN_SUSPICIOUS_MOVE = YES;
				CLANG_WARN_UNGUARDED_AVAILABILITY = YES_AGGRESSIVE;
				CLANG_WARN_UNREACHABLE_CODE = YES;
				CLANG_WARN__DUPLICATE_METHOD_MATCH = YES;
				CODE_SIGN_IDENTITY = "iPhone Developer";
				COPY_PHASE_STRIP = NO;
				DEBUG_INFORMATION_FORMAT = "dwarf-with-dsym";
				ENABLE_NS_ASSERTIONS = NO;
				ENABLE_STRICT_OBJC_MSGSEND = YES;
				GCC_C_LANGUAGE_STANDARD = gnu11;
				GCC_NO_COMMON_BLOCKS = YES;
				GCC_WARN_64_TO_32_BIT_CONVERSION = YES;
				GCC_WARN_ABOUT_RETURN_TYPE = YES_ERROR;
				GCC_WARN_UNDECLARED_SELECTOR = YES;
				GCC_WARN_UNINITIALIZED_AUTOS = YES_AGGRESSIVE;
				GCC_WARN_UNUSED_FUNCTION = YES;
				GCC_WARN_UNUSED_VARIABLE = YES;
				IPHONEOS_DEPLOYMENT_TARGET = 12.1;
				MTL_ENABLE_DEBUG_INFO = NO;
				MTL_FAST_MATH = YES;
				SDKROOT = iphoneos;
				SWIFT_COMPILATION_MODE = wholemodule;
				SWIFT_OPTIMIZATION_LEVEL = "-O";
				VALIDATE_PRODUCT = YES;
			};
			name = Release;
		};
		4C9807DB21E0F4A700C67A86 /* Debug */ = {
			isa = XCBuildConfiguration;
			buildSettings = {
				ASSETCATALOG_COMPILER_APPICON_NAME = AppIcon;
				CODE_SIGN_STYLE = Automatic;
				DEVELOPMENT_TEAM = 73CXK45F3F;
				INFOPLIST_FILE = "Amusement Park Pass Generator/Info.plist";
				LD_RUNPATH_SEARCH_PATHS = (
					"$(inherited)",
					"@executable_path/Frameworks",
				);
				PRODUCT_BUNDLE_IDENTIFIER = "SAN.Amusement-Park-Pass-Generator";
				PRODUCT_NAME = "$(TARGET_NAME)";
				SWIFT_VERSION = 4.2;
				TARGETED_DEVICE_FAMILY = 2;
			};
			name = Debug;
		};
		4C9807DC21E0F4A700C67A86 /* Release */ = {
			isa = XCBuildConfiguration;
			buildSettings = {
				ASSETCATALOG_COMPILER_APPICON_NAME = AppIcon;
				CODE_SIGN_STYLE = Automatic;
				DEVELOPMENT_TEAM = 73CXK45F3F;
				INFOPLIST_FILE = "Amusement Park Pass Generator/Info.plist";
				LD_RUNPATH_SEARCH_PATHS = (
					"$(inherited)",
					"@executable_path/Frameworks",
				);
				PRODUCT_BUNDLE_IDENTIFIER = "SAN.Amusement-Park-Pass-Generator";
				PRODUCT_NAME = "$(TARGET_NAME)";
				SWIFT_VERSION = 4.2;
				TARGETED_DEVICE_FAMILY = 2;
			};
			name = Release;
		};
		4C9807E821E283DB00C67A86 /* Debug */ = {
			isa = XCBuildConfiguration;
			buildSettings = {
				BUNDLE_LOADER = "$(TEST_HOST)";
				CODE_SIGN_STYLE = Automatic;
				DEVELOPMENT_TEAM = 73CXK45F3F;
				INFOPLIST_FILE = "Amusement Park Pass GeneratorTests/Info.plist";
				LD_RUNPATH_SEARCH_PATHS = (
					"$(inherited)",
					"@executable_path/Frameworks",
					"@loader_path/Frameworks",
				);
				PRODUCT_BUNDLE_IDENTIFIER = "SAN.Amusement-Park-Pass-GeneratorTests";
				PRODUCT_NAME = "$(TARGET_NAME)";
				SWIFT_VERSION = 4.2;
				TARGETED_DEVICE_FAMILY = "1,2";
				TEST_HOST = "$(BUILT_PRODUCTS_DIR)/Amusement Park Pass Generator.app/Amusement Park Pass Generator";
			};
			name = Debug;
		};
		4C9807E921E283DB00C67A86 /* Release */ = {
			isa = XCBuildConfiguration;
			buildSettings = {
				BUNDLE_LOADER = "$(TEST_HOST)";
				CODE_SIGN_STYLE = Automatic;
				DEVELOPMENT_TEAM = 73CXK45F3F;
				INFOPLIST_FILE = "Amusement Park Pass GeneratorTests/Info.plist";
				LD_RUNPATH_SEARCH_PATHS = (
					"$(inherited)",
					"@executable_path/Frameworks",
					"@loader_path/Frameworks",
				);
				PRODUCT_BUNDLE_IDENTIFIER = "SAN.Amusement-Park-Pass-GeneratorTests";
				PRODUCT_NAME = "$(TARGET_NAME)";
				SWIFT_VERSION = 4.2;
				TARGETED_DEVICE_FAMILY = "1,2";
				TEST_HOST = "$(BUILT_PRODUCTS_DIR)/Amusement Park Pass Generator.app/Amusement Park Pass Generator";
			};
			name = Release;
		};
/* End XCBuildConfiguration section */

/* Begin XCConfigurationList section */
		4C9807C321E0F4A300C67A86 /* Build configuration list for PBXProject "Amusement Park Pass Generator" */ = {
			isa = XCConfigurationList;
			buildConfigurations = (
				4C9807D821E0F4A700C67A86 /* Debug */,
				4C9807D921E0F4A700C67A86 /* Release */,
			);
			defaultConfigurationIsVisible = 0;
			defaultConfigurationName = Release;
		};
		4C9807DA21E0F4A700C67A86 /* Build configuration list for PBXNativeTarget "Amusement Park Pass Generator" */ = {
			isa = XCConfigurationList;
			buildConfigurations = (
				4C9807DB21E0F4A700C67A86 /* Debug */,
				4C9807DC21E0F4A700C67A86 /* Release */,
			);
			defaultConfigurationIsVisible = 0;
			defaultConfigurationName = Release;
		};
		4C9807EA21E283DB00C67A86 /* Build configuration list for PBXNativeTarget "Amusement Park Pass GeneratorTests" */ = {
			isa = XCConfigurationList;
			buildConfigurations = (
				4C9807E821E283DB00C67A86 /* Debug */,
				4C9807E921E283DB00C67A86 /* Release */,
			);
			defaultConfigurationIsVisible = 0;
			defaultConfigurationName = Release;
		};
/* End XCConfigurationList section */
	};
	rootObject = 4C9807C021E0F4A300C67A86 /* Project object */;
}
